
Microsoft Visual Studio Solution File, Format Version 12.00
# Visual Studio Version 17
VisualStudioVersion = 17.14.36414.22 d17.14
MinimumVisualStudioVersion = 10.0.40219.1
Project("{FAE04EC0-301F-11D3-BF4B-00C04F79EFBC}") = "Szyfrowanie", "Szyfrowanie.csproj", "{28F19CEA-B878-4A2C-B677-F4243BF3AC38}"
EndProject
Global
	GlobalSection(SolutionConfigurationPlatforms) = preSolution
		Debug|Any CPU = Debug|Any CPU
		Release|Any CPU = Release|Any CPU
	EndGlobalSection
	GlobalSection(ProjectConfigurationPlatforms) = postSolution
		{28F19CEA-B878-4A2C-B677-F4243BF3AC38}.Debug|Any CPU.ActiveCfg = Debug|Any CPU
		{28F19CEA-B878-4A2C-B677-F4243BF3AC38}.Debug|Any CPU.Build.0 = Debug|Any CPU
		{28F19CEA-B878-4A2C-B677-F4243BF3AC38}.Release|Any CPU.ActiveCfg = Release|Any CPU
		{28F19CEA-B878-4A2C-B677-F4243BF3AC38}.Release|Any CPU.Build.0 = Release|Any CPU
	EndGlobalSection
	GlobalSection(SolutionProperties) = preSolution
		HideSolutionNode = FALSE
	EndGlobalSection
	GlobalSection(ExtensibilityGlobals) = postSolution
		SolutionGuid = {EA5A3B37-C5E1-461E-B062-CBE5EC1C0149}
	EndGlobalSection
EndGlobal
